
Microsoft Visual Studio Solution File, Format Version 12.00
# Visual Studio Version 16
VisualStudioVersion = 16.0.29905.134
MinimumVisualStudioVersion = 10.0.40219.1
Project("{FAE04EC0-301F-11D3-BF4B-00C04F79EFBC}") = "SalesWebMvc", "SalesWebMvc\SalesWebMvc.csproj", "{3C501416-BD02-4AB8-8A50-4BFA16F6094E}"
EndProject
Global
	GlobalSection(SolutionConfigurationPlatforms) = preSolution
		Debug|Any CPU = Debug|Any CPU
		Release|Any CPU = Release|Any CPU
	EndGlobalSection
	GlobalSection(ProjectConfigurationPlatforms) = postSolution
		{3C501416-BD02-4AB8-8A50-4BFA16F6094E}.Debug|Any CPU.ActiveCfg = Debug|Any CPU
		{3C501416-BD02-4AB8-8A50-4BFA16F6094E}.Debug|Any CPU.Build.0 = Debug|Any CPU
		{3C501416-BD02-4AB8-8A50-4BFA16F6094E}.Release|Any CPU.ActiveCfg = Release|Any CPU
		{3C501416-BD02-4AB8-8A50-4BFA16F6094E}.Release|Any CPU.Build.0 = Release|Any CPU
	EndGlobalSection
	GlobalSection(SolutionProperties) = preSolution
		HideSolutionNode = FALSE
	EndGlobalSection
	GlobalSection(ExtensibilityGlobals) = postSolution
		SolutionGuid = {EEF4E436-3FC4-4E0B-AFA8-02F3F5D659F5}
	EndGlobalSection
EndGlobal
